
Microsoft Visual Studio Solution File, Format Version 9.00
# Visual Studio 2005
Project("{8BC9CEB8-8B4A-11D0-8D11-00A0C91BC942}") = "MSTest", "MSTest\MSTest.vcproj", "{A9CDA0FF-5B95-4D1C-8EA7-3304F2DBE186}"
EndProject
Global
	GlobalSection(SolutionConfigurationPlatforms) = preSolution
		Debug|Win32 = Debug|Win32
		Release|Win32 = Release|Win32
	EndGlobalSection
	GlobalSection(ProjectConfigurationPlatforms) = postSolution
		{A9CDA0FF-5B95-4D1C-8EA7-3304F2DBE186}.Debug|Win32.ActiveCfg = Debug|Win32
		{A9CDA0FF-5B95-4D1C-8EA7-3304F2DBE186}.Debug|Win32.Build.0 = Debug|Win32
		{A9CDA0FF-5B95-4D1C-8EA7-3304F2DBE186}.Release|Win32.ActiveCfg = Release|Win32
		{A9CDA0FF-5B95-4D1C-8EA7-3304F2DBE186}.Release|Win32.Build.0 = Release|Win32
	EndGlobalSection
	GlobalSection(SolutionProperties) = preSolution
		HideSolutionNode = FALSE
	EndGlobalSection
EndGlobal
